# Artifact-locked Python worker environment.
#
# Generated for the ADR-0002 reference environment by the procedure in
# `docs/operations/WORKER-ENVIRONMENT.md`: WSL2, Ubuntu 24.04, CPython 3.12.3,
# `cp312`, `manylinux_2_39_x86_64`. Every index-supplied distribution has one
# exact version and the SHA-256 of the artifact selected for that ABI.
#
# PyPI supplies every artifact except the two `+cpu` PyTorch wheels. Their
# hashes were acquired separately from the official PyTorch CPU index; the
# explicit indexes below remove installer configuration from resolution, and
# `--require-hashes` makes the artifact bytes authoritative whichever index is
# reachable. `s3tokenizer==0.1.7` published only the source distribution, so it
# is the one declared exception to the wheel-only rule and is built without
# isolation by the pinned `setuptools==81.0.0`.
#
# `chatterbox-tts` is not index-supplied. Its governed Git commit is stronger
# provenance than a wheel hash and is checked through PEP 610 before a bundle
# identity is returned. The restore procedure excludes that line from the
# index install and force-reinstalls the governed source at the recorded commit.

--index-url https://pypi.org/simple
--extra-index-url https://download.pytorch.org/whl/cpu
--only-binary=:all:
--no-binary=s3tokenizer
audioread==3.1.0 --hash=sha256:b30d1df6c5d3de5dcef0fb0e256f6ea17bdcf5f979408df0297d8a408e2971b4
certifi==2026.7.22 --hash=sha256:62f22742b58a1a33014a2b6b706588a8d7e2a88ae7bd1a6ebe8c992928483775
cffi==2.1.1 --hash=sha256:c1453022f490d2459a11819d83ad1d586e9ff65a12ac3e705ffebd46d3685dcf
charset-normalizer==3.5.1 --hash=sha256:b9af956078716df40d985fb0dfeb2c2120c5ca92ba4ff4b388acfd01cdc14d08
# installed from a governed local source tree at commit eb90621fa748f341a5b768aed0c0c12fc561894b
chatterbox-tts==0.1.2
cloudpickle==3.1.2 --hash=sha256:9acb47f6afd73f60dc1df93bb801b472f05ff42fa6c84167d25cb206be1fbf4a
conformer==0.3.2 --hash=sha256:b957faa683e9e75061257f77407318428f2ad0fb5262bfc2e9b55fc2fffdfa03
decorator==5.3.1 --hash=sha256:f47fe6fdbd2edd623ecfe36875d37aba411624e2670dd395dddae1358689bb3c
diffusers==0.29.0 --hash=sha256:4c194d2379644a0f7ef9b4ff12c8cf5de4c6324e811265754f08e2f839b8cedb
einops==0.8.2 --hash=sha256:54058201ac7087911181bfec4af6091bb59380360f069276601256a76af08193
filelock==3.32.5 --hash=sha256:142cd9fa77a872c5e78c62329a0d15278fadc686eb89e760017968961a4fd6b2
fsspec==2026.7.0 --hash=sha256:b57ddbafedfaef7018c1ecab32aa200a9d7ca26b77965f64e48b70061249d279
hf-xet==1.6.0 --hash=sha256:d62671bb130879cef0ee4c9ebe47a14af6c66ec53e6d84dc15936e5ffdfac82f
huggingface_hub==0.36.2 --hash=sha256:48f0c8eac16145dfce371e9d2d7772854a4f591bcb56c9cf548accf531d54270
idna==3.19 --hash=sha256:815e7be7a7806d54abb586dc943addc79e8b2ee16915059658cbeff4b1b43bf4
importlib_metadata==9.0.1 --hash=sha256:bba5600596a7e21f3eef53281cf28d6a5195634d2f2b78ff9501a3272c6eaab0
Jinja2==3.1.6 --hash=sha256:85ece4451f492d0c13c5dd7c13a64681a86afae63a5f347908daf103ce6d2f67
joblib==1.6.0 --hash=sha256:3dbbf9f6e4b592a2357b854608e980fe6390d131d7a82f011a377ef2ebef7aba
lazy-loader==0.5 --hash=sha256:ab0ea149e9c554d4ffeeb21105ac60bed7f3b4fd69b1d2360a4add51b170b005
librosa==0.11.0 --hash=sha256:0b6415c4fd68bff4c29288abe67c6d80b587e0e1e2cfb0aad23e4559504a7fa1
llvmlite==0.49.0 --hash=sha256:6acba646d88abbc87d5c113a3d62c1fbf8b8fee11c6493f516803e30f21ae870
MarkupSafe==3.0.3 --hash=sha256:d6dd0be5b5b189d31db7cda48b91d7e0a9795f31430b7f271219ab30f1d3ac9d
ml_dtypes==0.6.0 --hash=sha256:3b4a480aa8fd54a1805b8ac10f3f91763926a74f73c0c364c10f9231854f4170
mpmath==1.3.0 --hash=sha256:a0b2b9fe80bbcd81a6647ff13108738cfb482d481d826cc0e02f5b35e5c88d2c
msgpack==1.2.2 --hash=sha256:77c2e018417dc1d66f235e383877ee885b60ade9d29e494dd581e08af2cb1923
narwhals==2.25.0 --hash=sha256:1f0f403e8c7e4463cde9bfe78b12fdd809e3ae3dda6d9b2f802934fb9c7a6a8f
networkx==3.6.1 --hash=sha256:d47fbf302e7d9cbbb9e2555a0d267983d2aa476bac30e90dfbe5669bd57f3762
numba==0.67.0 --hash=sha256:f63d43db06b4756424d6d2484737c902e0ae944a0eec3e8b0b4de2c695b15caa
numpy==2.5.2 --hash=sha256:3cdec01fa790a186d430433fdd4d4ffb70eed6f0eeb4bf05c8dbe2dce0a9bcb8
onnx==1.22.0 --hash=sha256:955e02e1f6d385b53d52f9cd7b9cdf5caf417c300bcfe3c64c6d542be763845b
packaging==26.3 --hash=sha256:d7193f7c8e4e93f444fde0262bf90af30e16fa0ad0ad44cb553c87339b23cd1c
pillow==12.3.0 --hash=sha256:78cb2c6865a35ab8ff8b75fd122f6033b92a62c82801110e48ddd6c936a45d91
platformdirs==4.11.7 --hash=sha256:8a02cb259042c79d1cd0450facc2fe6dc9d303ae7901afbe33bf8ea0b188cef6
pooch==1.9.0 --hash=sha256:f265597baa9f760d25ceb29d0beb8186c243d6607b0f60b83ecf14078dbc703b
protobuf==7.36.1 --hash=sha256:97198b77e369a0abd8e262b8f6c7266c55ddb796a3a12c76d7b8881188ed83aa
pycparser==3.0 --hash=sha256:b727414169a36b7d524c1c3e31839a521725078d7b2ff038656844266160a992
PyYAML==6.0.3 --hash=sha256:ba1cc08a7ccde2d2ec775841541641e4548226580ab850948cbfda66a1befcdc
regex==2026.9.3 --hash=sha256:665207e41bacd435db001099eeab44103197c2c1a729d73ade74688a905ed4ce
requests==2.34.2 --hash=sha256:2a0d60c172f83ac6ab31e4554906c0f3b3588d37b5cb939b1c061f4907e278e0
resemble-perth==1.0.1 --hash=sha256:65e9c37531b1a128a4a56226b75dece4521683cf3611b0b2a5ffe234f00c9342
s3tokenizer==0.1.7 --hash=sha256:4827dcbc49e463c967ba42009f85dbaa602862dd63046859bc97cb09aa838a98
safetensors==0.5.3 --hash=sha256:cead1fa41fc54b1e61089fa57452e8834f798cb1dc7a09ba3524f1eb08e0317a
scikit-learn==1.9.0 --hash=sha256:056c92bb67ad4c28463c2f2653d9701449201e7e7a9e94e321be0f71c4fef2b8
scipy==1.18.1 --hash=sha256:f55fa87b6c612ecd6b058f167c53231b1d14e412efe361d3d6e38b3631c73218
setuptools==81.0.0 --hash=sha256:fdd925d5c5d9f62e4b74b30d6dd7828ce236fd6ed998a08d81de62ce5a6310d6
soundfile==0.14.0 --hash=sha256:1e38bac1853412871318e82a1ba69a8be677619b56025bbfcccdb41b6cafe82d
soxr==1.1.0 --hash=sha256:3b033078e86f3c4a658e5697fac8995764fad9e799563616b630136b613167f1
sympy==1.14.0 --hash=sha256:e091cc3e99d2141a0ba2847328f5479b05d94a6635cb96148ccb3f34671bd8f5
threadpoolctl==3.6.0 --hash=sha256:43a0b8fd5a2928500110039e43a5eed8480b918967083ea48dc3ab9f13c4a7fb
tokenizers==0.20.3 --hash=sha256:f2b7cb962564785a83dafbba0144ecb7f579f1d57d8c406cdaa7f32fe32f18ad
torch==2.10.0+cpu --hash=sha256:ee40b8a4b4b2cf0670c6fd4f35a7ef23871af956fecb238fbf5da15a72650b1d
torchaudio==2.10.0+cpu --hash=sha256:502b19a5bd0ef8fc97adf06c24146c5e2b94bc3c43b768174407c031cd21c3a5
tqdm==4.70.0 --hash=sha256:7f585706bfddbdebf89daac705b2dfcc16890130727d3197ca62c732b4310953
transformers==4.46.3 --hash=sha256:a12ef6f52841fd190a3e5602145b542d03507222f2c64ebb7ee92e8788093aef
typing_extensions==4.16.0 --hash=sha256:481caa481374e813c1b176ada14e97f1f67a4539ce9cfeb3f350d78d6370c2e8
urllib3==2.7.0 --hash=sha256:9fb4c81ebbb1ce9531cce37674bbc6f1360472bc18ca9a553ede278ef7276897
zipp==4.1.0 --hash=sha256:25ad4e16390cd314347dd8f1de67a2ac538ae658ed4ab9db16029c07c188e97f
